
Microsoft Visual Studio Solution File, Format Version 12.00
# Visual Studio Version 17
VisualStudioVersion = 17.2.32630.192
MinimumVisualStudioVersion = 10.0.40219.1
Project("{FAE04EC0-301F-11D3-BF4B-00C04F79EFBC}") = "aspnet-resume-website", "aspnet-resume-website\aspnet-resume-website.csproj", "{72C385D5-B2ED-490C-8000-D3EEC7DBDE26}"
EndProject
Global
	GlobalSection(SolutionConfigurationPlatforms) = preSolution
		Debug|Any CPU = Debug|Any CPU
		Release|Any CPU = Release|Any CPU
	EndGlobalSection
	GlobalSection(ProjectConfigurationPlatforms) = postSolution
		{72C385D5-B2ED-490C-8000-D3EEC7DBDE26}.Debug|Any CPU.ActiveCfg = Debug|Any CPU
		{72C385D5-B2ED-490C-8000-D3EEC7DBDE26}.Debug|Any CPU.Build.0 = Debug|Any CPU
		{72C385D5-B2ED-490C-8000-D3EEC7DBDE26}.Release|Any CPU.ActiveCfg = Release|Any CPU
		{72C385D5-B2ED-490C-8000-D3EEC7DBDE26}.Release|Any CPU.Build.0 = Release|Any CPU
	EndGlobalSection
	GlobalSection(SolutionProperties) = preSolution
		HideSolutionNode = FALSE
	EndGlobalSection
	GlobalSection(ExtensibilityGlobals) = postSolution
		SolutionGuid = {FE89477D-9B43-4777-9534-EB15EADB62F4}
	EndGlobalSection
EndGlobal
